# This file is automatically @generated by Cargo.
# It is not intended for manual editing.
version = 3

[[package]]
name = "Inflector"
version = "0.11.4"
source = "registry+https://github.com/rust-lang/crates.io-index"
checksum = "fe438c63458706e03479442743baae6c88256498e6431708f6dfc520a26515d3"
dependencies = [
 "lazy_static",
 "regex",
]

[[package]]
name = "aho-corasick"
version = "0.7.18"
source = "registry+https://github.com/rust-lang/crates.io-index"
checksum = "1e37cfd5e7657ada45f742d6e99ca5788580b5c529dc78faf11ece6dc702656f"
dependencies = [
 "memchr",
]

[[package]]
name = "aligned"
version = "0.3.5"
source = "registry+https://github.com/rust-lang/crates.io-index"
checksum = "3a785a543aea40f5e4e2e93bb2655d31bc21bb391fff65697150973e383f16bb"
dependencies = [
 "as-slice",
]

[[package]]
name = "anyhow"
version = "1.0.43"
source = "registry+https://github.com/rust-lang/crates.io-index"
checksum = "28ae2b3dec75a406790005a200b1bd89785afc02517a00ca99ecfe093ee9e6cf"

[[package]]
name = "approx"
version = "0.3.2"
source = "registry+https://github.com/rust-lang/crates.io-index"
checksum = "f0e60b75072ecd4168020818c0107f2857bb6c4e64252d8d3983f6263b40a5c3"
dependencies = [
 "num-traits",
]

[[package]]
name = "array-macro"
version = "1.0.5"
source = "registry+https://github.com/rust-lang/crates.io-index"
checksum = "06e97b4e522f9e55523001238ac59d13a8603af57f69980de5d8de4bbbe8ada6"

[[package]]
name = "as-slice"
version = "0.1.5"
source = "registry+https://github.com/rust-lang/crates.io-index"
checksum = "45403b49e3954a4b8428a0ac21a4b7afadccf92bfd96273f1a58cd4812496ae0"
dependencies = [
 "generic-array 0.12.4",
 "generic-array 0.13.3",
 "generic-array 0.14.4",
 "stable_deref_trait",
]

[[package]]
name = "ascii"
version = "1.0.0"
source = "registry+https://github.com/rust-lang/crates.io-index"
checksum = "bbf56136a5198c7b01a49e3afcbef6cf84597273d298f54432926024107b0109"

[[package]]
name = "ascii-osd-hud"
version = "0.1.5"
source = "registry+https://github.com/rust-lang/crates.io-index"
checksum = "1f00a32cc983db0f227c39288c4b0634cd83013fdff3429620178438e4419dcd"
dependencies = [
 "enum-map",
 "heapless 0.6.1",
 "micromath",
]

[[package]]
name = "atomic-polyfill"
version = "0.1.3"
source = "registry+https://github.com/rust-lang/crates.io-index"
checksum = "4a93ba5d6053837dbb76fd0ae26fd4f0c1859a008a783b0ce072b797c07f0f27"
dependencies = [
 "cortex-m 0.7.3",
]

[[package]]
name = "autocfg"
version = "1.0.1"
source = "registry+https://github.com/rust-lang/crates.io-index"
checksum = "cdb031dd78e28731d87d56cc8ffef4a8f36ca26c38fe2de700543e627f8a464a"

[[package]]
name = "bare-metal"
version = "0.2.5"
source = "registry+https://github.com/rust-lang/crates.io-index"
checksum = "5deb64efa5bd81e31fcd1938615a6d98c82eafcbcd787162b6f63b91d6bac5b3"
dependencies = [
 "rustc_version 0.2.3",
]

[[package]]
name = "bare-metal"
version = "1.0.0"
source = "registry+https://github.com/rust-lang/crates.io-index"
checksum = "f8fe8f5a8a398345e52358e18ff07cc17a568fbca5c6f73873d3a62056309603"

[[package]]
name = "bitfield"
version = "0.13.2"
source = "registry+https://github.com/rust-lang/crates.io-index"
checksum = "46afbd2983a5d5a7bd740ccb198caf5b82f45c40c09c0eed36052d91cb92e719"

[[package]]
name = "bmp280-core"
version = "0.1.2"
source = "registry+https://github.com/rust-lang/crates.io-index"
checksum = "345ff6d0c6375470cfc898d8f4569e6fd685167f77038427bbb298b69431d892"
dependencies = [
 "embedded-hal",
]

[[package]]
name = "build_const"
version = "0.2.2"
source = "registry+https://github.com/rust-lang/crates.io-index"
checksum = "b4ae4235e6dac0694637c763029ecea1a2ec9e4e06ec2729bd21ba4d9c863eb7"

[[package]]
name = "byteorder"
version = "1.4.3"
source = "registry+https://github.com/rust-lang/crates.io-index"
checksum = "14c189c53d098945499cdfa7ecc63567cf3886b3332b312a5b4585d8d3a6a610"

[[package]]
name = "cast"
version = "0.2.7"
source = "registry+https://github.com/rust-lang/crates.io-index"
checksum = "4c24dab4283a142afa2fdca129b80ad2c6284e073930f964c3a1293c225ee39a"
dependencies = [
 "rustc_version 0.4.0",
]

[[package]]
name = "cfg-if"
version = "1.0.0"
source = "registry+https://github.com/rust-lang/crates.io-index"
checksum = "baf1de4339761588bc0619e3cbc0120ee582ebb74b53b4efbf79117bd2da40fd"

[[package]]
name = "chips"
version = "0.0.1"
dependencies = [
 "chrono",
 "cortex-m 0.6.7",
 "crc",
 "drone-core",
 "drone-cortexm",
 "drone-stm32-map",
 "embedded-hal",
 "futures",
 "hal",
 "nb 0.1.3",
 "stm32f4xx-hal",
]

[[package]]
name = "chrono"
version = "0.4.19"
source = "registry+https://github.com/rust-lang/crates.io-index"
checksum = "670ad68c9088c2a963aaa298cb369688cf3f9465ce5e2d4ca10e6e0098a1ce73"
dependencies = [
 "num-integer",
 "num-traits",
]

[[package]]
name = "cortex-m"
version = "0.6.7"
source = "registry+https://github.com/rust-lang/crates.io-index"
checksum = "9075300b07c6a56263b9b582c214d0ff037b00d45ec9fde1cc711490c56f1bb9"
dependencies = [
 "aligned",
 "bare-metal 0.2.5",
 "bitfield",
 "cortex-m 0.7.3",
 "volatile-register",
]

[[package]]
name = "cortex-m"
version = "0.7.3"
source = "registry+https://github.com/rust-lang/crates.io-index"
checksum = "2ac919ef424449ec8c08d515590ce15d9262c0ca5f0da5b0c901e971a3b783b3"
dependencies = [
 "bare-metal 0.2.5",
 "bitfield",
 "embedded-hal",
 "volatile-register",
]

[[package]]
name = "cortex-m-rt"
version = "0.6.15"
source = "registry+https://github.com/rust-lang/crates.io-index"
checksum = "454f278bf469e2de0a4d22ea019d169d8944f86957c8207a39e3f66c32be2fc6"
dependencies = [
 "cortex-m-rt-macros",
 "r0",
]

[[package]]
name = "cortex-m-rt-macros"
version = "0.6.15"
source = "registry+https://github.com/rust-lang/crates.io-index"
checksum = "c8e3aa52243e26f5922fa522b0814019e0c98fc567e2756d715dce7ad7a81f49"
dependencies = [
 "proc-macro2",
 "quote",
 "syn",
]

[[package]]
name = "crc"
version = "1.8.1"
source = "registry+https://github.com/rust-lang/crates.io-index"
checksum = "d663548de7f5cca343f1e0a48d14dcfb0e9eb4e079ec58883b7251539fa10aeb"
dependencies = [
 "build_const",
]

[[package]]
name = "crc16"
version = "0.4.0"
source = "registry+https://github.com/rust-lang/crates.io-index"
checksum = "338089f42c427b86394a5ee60ff321da23a5c89c9d89514c829687b26359fcff"

[[package]]
name = "drivers"
version = "0.0.1"
dependencies = [
 "bmp280-core",
 "cortex-m 0.6.7",
 "embedded-hal",
 "hal",
 "log",
 "max7456 0.1.10 (git+https://github.com/qiuchengxuan/max7456.git)",
 "mpu6000",
 "nb 0.1.3",
 "peripheral-register",
 "pro-flight",
 "stm32f4xx-hal",
 "usb-device",
 "usbd-serial",
]

[[package]]
name = "drone-config"
version = "0.14.0"
dependencies = [
 "anyhow",
 "serde",
 "toml",
]

[[package]]
name = "drone-core"
version = "0.14.2"
dependencies = [
 "drone-core-macros",
 "drone-ctypes",
 "futures",
 "typenum",
]

[[package]]
name = "drone-core-macros"
version = "0.14.2"
dependencies = [
 "Inflector",
 "drone-config",
 "drone-macros-core",
 "if_chain",
 "proc-macro2",
 "quote",
 "syn",
]

[[package]]
name = "drone-cortexm"
version = "0.14.1"
dependencies = [
 "drone-core",
 "drone-cortexm-macros",
 "futures",
]

[[package]]
name = "drone-cortexm-macros"
version = "0.14.1"
dependencies = [
 "Inflector",
 "drone-macros-core",
 "proc-macro2",
 "quote",
 "syn",
]

[[package]]
name = "drone-ctypes"
version = "0.14.2"

[[package]]
name = "drone-macros-core"
version = "0.14.2"
dependencies = [
 "lazy_static",
 "proc-macro2",
 "quote",
 "regex",
 "syn",
]

[[package]]
name = "drone-stm32-map"
version = "0.14.0"
dependencies = [
 "drone-core",
 "drone-cortexm",
 "drone-stm32-map-periph-dma",
 "drone-stm32-map-periph-exti",
 "drone-stm32-map-periph-flash",
 "drone-stm32-map-periph-rtc",
 "drone-stm32-map-periph-spi",
 "drone-stm32-map-pieces",
]

[[package]]
name = "drone-stm32-map-periph-dma"
version = "0.14.0"
dependencies = [
 "drone-core",
 "drone-cortexm",
 "drone-stm32-map-pieces",
]

[[package]]
name = "drone-stm32-map-periph-exti"
version = "0.14.0"
dependencies = [
 "drone-core",
 "drone-cortexm",
 "drone-stm32-map-pieces",
]

[[package]]
name = "drone-stm32-map-periph-flash"
version = "0.14.0"
dependencies = [
 "drone-core",
 "drone-cortexm",
 "drone-stm32-map-pieces",
]

[[package]]
name = "drone-stm32-map-periph-rtc"
version = "0.14.0"
dependencies = [
 "drone-core",
 "drone-cortexm",
 "drone-stm32-map-pieces",
]

[[package]]
name = "drone-stm32-map-periph-spi"
version = "0.14.0"
dependencies = [
 "drone-core",
 "drone-cortexm",
 "drone-stm32-map-pieces",
]

[[package]]
name = "drone-stm32-map-pieces"
version = "0.14.0"
dependencies = [
 "drone-core",
 "drone-cortexm",
 "drone-stm32-map-pieces-1",
 "drone-stm32-map-pieces-10",
 "drone-stm32-map-pieces-11",
 "drone-stm32-map-pieces-12",
 "drone-stm32-map-pieces-2",
 "drone-stm32-map-pieces-3",
 "drone-stm32-map-pieces-4",
 "drone-stm32-map-pieces-5",
 "drone-stm32-map-pieces-6",
 "drone-stm32-map-pieces-7",
 "drone-stm32-map-pieces-8",
 "drone-stm32-map-pieces-9",
 "drone-stm32-map-svd",
]

[[package]]
name = "drone-stm32-map-pieces-1"
version = "0.14.0"
dependencies = [
 "drone-core",
 "drone-cortexm",
 "drone-stm32-map-svd",
]

[[package]]
name = "drone-stm32-map-pieces-10"
version = "0.14.0"
dependencies = [
 "drone-core",
 "drone-cortexm",
 "drone-stm32-map-svd",
]

[[package]]
name = "drone-stm32-map-pieces-11"
version = "0.14.0"
dependencies = [
 "drone-core",
 "drone-cortexm",
 "drone-stm32-map-svd",
]

[[package]]
name = "drone-stm32-map-pieces-12"
version = "0.14.0"
dependencies = [
 "drone-core",
 "drone-cortexm",
 "drone-stm32-map-svd",
]

[[package]]
name = "drone-stm32-map-pieces-2"
version = "0.14.0"
dependencies = [
 "drone-core",
 "drone-cortexm",
 "drone-stm32-map-svd",
]

[[package]]
name = "drone-stm32-map-pieces-3"
version = "0.14.0"
dependencies = [
 "drone-core",
 "drone-cortexm",
 "drone-stm32-map-svd",
]

[[package]]
name = "drone-stm32-map-pieces-4"
version = "0.14.0"
dependencies = [
 "drone-core",
 "drone-cortexm",
 "drone-stm32-map-svd",
]

[[package]]
name = "drone-stm32-map-pieces-5"
version = "0.14.0"
dependencies = [
 "drone-core",
 "drone-cortexm",
 "drone-stm32-map-svd",
]

[[package]]
name = "drone-stm32-map-pieces-6"
version = "0.14.0"
dependencies = [
 "drone-core",
 "drone-cortexm",
 "drone-stm32-map-svd",
]

[[package]]
name = "drone-stm32-map-pieces-7"
version = "0.14.0"
dependencies = [
 "drone-core",
 "drone-cortexm",
 "drone-stm32-map-svd",
]

[[package]]
name = "drone-stm32-map-pieces-8"
version = "0.14.0"
dependencies = [
 "drone-core",
 "drone-cortexm",
 "drone-stm32-map-svd",
]

[[package]]
name = "drone-stm32-map-pieces-9"
version = "0.14.0"
dependencies = [
 "drone-core",
 "drone-cortexm",
 "drone-stm32-map-svd",
]

[[package]]
name = "drone-stm32-map-svd"
version = "0.14.0"
dependencies = [
 "anyhow",
 "drone-svd",
]

[[package]]
name = "drone-svd"
version = "0.14.0"
dependencies = [
 "anyhow",
 "indexmap",
 "serde",
 "serde-xml-rs",
]

[[package]]
name = "embedded-dma"
version = "0.1.2"
source = "registry+https://github.com/rust-lang/crates.io-index"
checksum = "46c8c02e4347a0267ca60813c952017f4c5948c232474c6010a381a337f1bda4"
dependencies = [
 "stable_deref_trait",
]

[[package]]
name = "embedded-hal"
version = "0.2.6"
source = "registry+https://github.com/rust-lang/crates.io-index"
checksum = "e36cfb62ff156596c892272f3015ef952fe1525e85261fa3a7f327bd6b384ab9"
dependencies = [
 "nb 0.1.3",
 "void",
]

[[package]]
name = "enum-map"
version = "0.6.4"
source = "registry+https://github.com/rust-lang/crates.io-index"
checksum = "4187999839f4ae8be35cf185d1381aa8dc32d2f5951349cc37ae49ebc4781855"
dependencies = [
 "array-macro",
 "enum-map-derive",
]

[[package]]
name = "enum-map-derive"
version = "0.4.6"
source = "registry+https://github.com/rust-lang/crates.io-index"
checksum = "e5c450cf304c9e18d45db562025a14fb1ca0f5c769b6f609309f81d4c31de455"
dependencies = [
 "proc-macro2",
 "quote",
 "syn",
]

[[package]]
name = "fixed-point"
version = "1.0.0"
dependencies = [
 "fixed-point-macro",
 "num-traits",
 "serde",
]

[[package]]
name = "fixed-point-macro"
version = "1.0.0"
dependencies = [
 "proc-macro2",
 "quote",
 "syn",
]

[[package]]
name = "futures"
version = "0.3.16"
source = "registry+https://github.com/rust-lang/crates.io-index"
checksum = "1adc00f486adfc9ce99f77d717836f0c5aa84965eb0b4f051f4e83f7cab53f8b"
dependencies = [
 "futures-channel",
 "futures-core",
 "futures-io",
 "futures-sink",
 "futures-task",
 "futures-util",
]

[[package]]
name = "futures-channel"
version = "0.3.16"
source = "registry+https://github.com/rust-lang/crates.io-index"
checksum = "74ed2411805f6e4e3d9bc904c95d5d423b89b3b25dc0250aa74729de20629ff9"
dependencies = [
 "futures-core",
 "futures-sink",
]

[[package]]
name = "futures-core"
version = "0.3.16"
source = "registry+https://github.com/rust-lang/crates.io-index"
checksum = "af51b1b4a7fdff033703db39de8802c673eb91855f2e0d47dcf3bf2c0ef01f99"

[[package]]
name = "futures-io"
version = "0.3.16"
source = "registry+https://github.com/rust-lang/crates.io-index"
checksum = "0b0e06c393068f3a6ef246c75cdca793d6a46347e75286933e5e75fd2fd11582"

[[package]]
name = "futures-macro"
version = "0.3.16"
source = "registry+https://github.com/rust-lang/crates.io-index"
checksum = "c54913bae956fb8df7f4dc6fc90362aa72e69148e3f39041fbe8742d21e0ac57"
dependencies = [
 "autocfg",
 "proc-macro-hack",
 "proc-macro2",
 "quote",
 "syn",
]

[[package]]
name = "futures-sink"
version = "0.3.16"
source = "registry+https://github.com/rust-lang/crates.io-index"
checksum = "c0f30aaa67363d119812743aa5f33c201a7a66329f97d1a887022971feea4b53"

[[package]]
name = "futures-task"
version = "0.3.16"
source = "registry+https://github.com/rust-lang/crates.io-index"
checksum = "bbe54a98670017f3be909561f6ad13e810d9a51f3f061b902062ca3da80799f2"

[[package]]
name = "futures-util"
version = "0.3.16"
source = "registry+https://github.com/rust-lang/crates.io-index"
checksum = "67eb846bfd58e44a8481a00049e82c43e0ccb5d61f8dc071057cb19249dd4d78"
dependencies = [
 "autocfg",
 "futures-channel",
 "futures-core",
 "futures-io",
 "futures-macro",
 "futures-sink",
 "futures-task",
 "memchr",
 "pin-project-lite",
 "pin-utils",
 "proc-macro-hack",
 "proc-macro-nested",
 "slab",
]

[[package]]
name = "generic-array"
version = "0.12.4"
source = "registry+https://github.com/rust-lang/crates.io-index"
checksum = "ffdf9f34f1447443d37393cc6c2b8313aebddcd96906caf34e54c68d8e57d7bd"
dependencies = [
 "typenum",
]

[[package]]
name = "generic-array"
version = "0.13.3"
source = "registry+https://github.com/rust-lang/crates.io-index"
checksum = "f797e67af32588215eaaab8327027ee8e71b9dd0b2b26996aedf20c030fce309"
dependencies = [
 "typenum",
]

[[package]]
name = "generic-array"
version = "0.14.4"
source = "registry+https://github.com/rust-lang/crates.io-index"
checksum = "501466ecc8a30d1d3b7fc9229b122b2ce8ed6e9d9223f1138d4babb253e51817"
dependencies = [
 "typenum",
 "version_check",
]

[[package]]
name = "git-version"
version = "0.3.5"
source = "registry+https://github.com/rust-lang/crates.io-index"
checksum = "f6b0decc02f4636b9ccad390dcbe77b722a77efedfa393caf8379a51d5c61899"
dependencies = [
 "git-version-macro",
 "proc-macro-hack",
]

[[package]]
name = "git-version-macro"
version = "0.3.5"
source = "registry+https://github.com/rust-lang/crates.io-index"
checksum = "fe69f1cbdb6e28af2bac214e943b99ce8a0a06b447d15d3e61161b0423139f3f"
dependencies = [
 "proc-macro-hack",
 "proc-macro2",
 "quote",
 "syn",
]

[[package]]
name = "hal"
version = "0.0.1"
dependencies = [
 "chrono",
 "embedded-hal",
]

[[package]]
name = "hash32"
version = "0.1.1"
source = "registry+https://github.com/rust-lang/crates.io-index"
checksum = "d4041af86e63ac4298ce40e5cca669066e75b6f1aa3390fe2561ffa5e1d9f4cc"
dependencies = [
 "byteorder",
]

[[package]]
name = "hash32"
version = "0.2.1"
source = "registry+https://github.com/rust-lang/crates.io-index"
checksum = "b0c35f58762feb77d74ebe43bdbc3210f09be9fe6742234d573bacc26ed92b67"
dependencies = [
 "byteorder",
]

[[package]]
name = "hashbrown"
version = "0.11.2"
source = "registry+https://github.com/rust-lang/crates.io-index"
checksum = "ab5ef0d4909ef3724cc8cce6ccc8572c5c817592e9285f5464f8e86f8bd3726e"

[[package]]
name = "heapless"
version = "0.6.1"
source = "registry+https://github.com/rust-lang/crates.io-index"
checksum = "634bd4d29cbf24424d0a4bfcbf80c6960129dc24424752a7d1d1390607023422"
dependencies = [
 "as-slice",
 "generic-array 0.14.4",
 "hash32 0.1.1",
 "stable_deref_trait",
]

[[package]]
name = "heapless"
version = "0.7.5"
source = "registry+https://github.com/rust-lang/crates.io-index"
checksum = "50530280e9a947b192e3a30a9d7bcead527b22da30ff7cbd334233d820aaf82a"
dependencies = [
 "atomic-polyfill",
 "hash32 0.2.1",
 "stable_deref_trait",
]

[[package]]
name = "if_chain"
version = "1.0.2"
source = "registry+https://github.com/rust-lang/crates.io-index"
checksum = "cb56e1aa765b4b4f3aadfab769793b7087bb03a4ea4920644a6d238e2df5b9ed"

[[package]]
name = "indexmap"
version = "1.7.0"
source = "registry+https://github.com/rust-lang/crates.io-index"
checksum = "bc633605454125dec4b66843673f01c7df2b89479b32e0ed634e43a91cff62a5"
dependencies = [
 "autocfg",
 "hashbrown",
]

[[package]]
name = "indoc"
version = "1.0.3"
source = "registry+https://github.com/rust-lang/crates.io-index"
checksum = "e5a75aeaaef0ce18b58056d306c27b07436fbb34b8816c53094b76dd81803136"
dependencies = [
 "unindent",
]

[[package]]
name = "integer-sqrt"
version = "0.1.5"
source = "registry+https://github.com/rust-lang/crates.io-index"
checksum = "276ec31bcb4a9ee45f58bec6f9ec700ae4cf4f4f8f2fa7e06cb406bd5ffdd770"
dependencies = [
 "num-traits",
]

[[package]]
name = "lazy_static"
version = "1.4.0"
source = "registry+https://github.com/rust-lang/crates.io-index"
checksum = "e2abad23fbc42b3700f2f279844dc832adb2b2eb069b2df918f455c4e18cc646"

[[package]]
name = "libm"
version = "0.2.1"
source = "registry+https://github.com/rust-lang/crates.io-index"
checksum = "c7d73b3f436185384286bd8098d17ec07c9a7d2388a6599f824d8502b529702a"

[[package]]
name = "log"
version = "0.4.14"
source = "registry+https://github.com/rust-lang/crates.io-index"
checksum = "51b9bbe6c47d51fc3e1a9b945965946b4c44142ab8792c50835a980d362c2710"
dependencies = [
 "cfg-if",
]

[[package]]
name = "max7456"
version = "0.1.10"
source = "registry+https://github.com/rust-lang/crates.io-index"
checksum = "8c809e63601ba47910c01f56a27dbb7e34a83510db22699da1b22d63c08092f0"
dependencies = [
 "embedded-hal",
 "peripheral-register",
]

[[package]]
name = "max7456"
version = "0.1.10"
source = "git+https://github.com/qiuchengxuan/max7456.git#3310322c9079cb8a3941458237e9ba3dd6d006bd"
dependencies = [
 "embedded-hal",
 "peripheral-register",
]

[[package]]
name = "memchr"
version = "2.4.1"
source = "registry+https://github.com/rust-lang/crates.io-index"
checksum = "308cc39be01b73d0d18f82a0e7b2a3df85245f84af96fdddc5d202d27e47b86a"

[[package]]
name = "micromath"
version = "1.1.1"
source = "registry+https://github.com/rust-lang/crates.io-index"
checksum = "bc4010833aea396656c2f91ee704d51a6f1329ec2ab56ffd00bfd56f7481ea94"

[[package]]
name = "mpu6000"
version = "0.2.1"
source = "git+https://github.com/qiuchengxuan/mpu6000.git#f75d358693d74c4f6b5c55fc51581fe9e01eb1ab"
dependencies = [
 "embedded-hal",
]

[[package]]
name = "nalgebra"
version = "0.21.1"
source = "registry+https://github.com/rust-lang/crates.io-index"
checksum = "d6b6147c3d50b4f3cdabfe2ecc94a0191fd3d6ad58aefd9664cf396285883486"
dependencies = [
 "approx",
 "generic-array 0.13.3",
 "num-complex",
 "num-rational",
 "num-traits",
 "rand",
 "simba",
 "typenum",
]

[[package]]
name = "nb"
version = "0.1.3"
source = "registry+https://github.com/rust-lang/crates.io-index"
checksum = "801d31da0513b6ec5214e9bf433a77966320625a37860f910be265be6e18d06f"
dependencies = [
 "nb 1.0.0",
]

[[package]]
name = "nb"
version = "1.0.0"
source = "registry+https://github.com/rust-lang/crates.io-index"
checksum = "546c37ac5d9e56f55e73b677106873d9d9f5190605e41a856503623648488cae"

[[package]]
name = "nmea0183-core"
version = "0.1.3"
source = "git+https://github.com/qiuchengxuan/nmea0183#76785b9c7d52e3180bbc0c807b54e51712794cfc"
dependencies = [
 "micromath",
]

[[package]]
name = "num-complex"
version = "0.2.4"
source = "registry+https://github.com/rust-lang/crates.io-index"
checksum = "b6b19411a9719e753aff12e5187b74d60d3dc449ec3f4dc21e3989c3f554bc95"
dependencies = [
 "autocfg",
 "num-traits",
]

[[package]]
name = "num-integer"
version = "0.1.44"
source = "registry+https://github.com/rust-lang/crates.io-index"
checksum = "d2cc698a63b549a70bc047073d2949cce27cd1c7b0a4a862d08a8031bc2801db"
dependencies = [
 "autocfg",
 "num-traits",
]

[[package]]
name = "num-rational"
version = "0.2.4"
source = "registry+https://github.com/rust-lang/crates.io-index"
checksum = "5c000134b5dbf44adc5cb772486d335293351644b801551abe8f75c84cfa4aef"
dependencies = [
 "autocfg",
 "num-integer",
 "num-traits",
]

[[package]]
name = "num-traits"
version = "0.2.14"
source = "registry+https://github.com/rust-lang/crates.io-index"
checksum = "9a64b1ec5cda2586e284722486d802acf1f7dbdc623e2bfc57e65ca1cd099290"
dependencies = [
 "autocfg",
 "libm",
]

[[package]]
name = "omnibusf4v3"
version = "0.1.0"
dependencies = [
 "chips",
 "chrono",
 "cortex-m 0.6.7",
 "drivers",
 "drone-core",
 "drone-cortexm",
 "drone-stm32-map",
 "embedded-hal",
 "futures",
 "hal",
 "log",
 "pro-flight",
 "stm32f4xx-hal",
 "synopsys-usb-otg",
]

[[package]]
name = "paste"
version = "0.1.18"
source = "registry+https://github.com/rust-lang/crates.io-index"
checksum = "45ca20c77d80be666aef2b45486da86238fabe33e38306bd3118fe4af33fa880"
dependencies = [
 "paste-impl",
 "proc-macro-hack",
]

[[package]]
name = "paste-impl"
version = "0.1.18"
source = "registry+https://github.com/rust-lang/crates.io-index"
checksum = "d95a7db200b97ef370c8e6de0088252f7e0dfff7d047a28528e47456c0fc98b6"
dependencies = [
 "proc-macro-hack",
]

[[package]]
name = "peripheral-register"
version = "0.1.4"
source = "registry+https://github.com/rust-lang/crates.io-index"
checksum = "2d95b20c9bee5a08f4e6445825b633e5393e23984f2f3f4a5b4a687f53832234"

[[package]]
name = "pin-project-lite"
version = "0.2.7"
source = "registry+https://github.com/rust-lang/crates.io-index"
checksum = "8d31d11c69a6b52a174b42bdc0c30e5e11670f90788b2c471c31c1d17d449443"

[[package]]
name = "pin-utils"
version = "0.1.0"
source = "registry+https://github.com/rust-lang/crates.io-index"
checksum = "8b870d8c151b6f2fb93e84a13146138f05d02ed11c7e7c54f8826aaaf7c9f184"

[[package]]
name = "ppv-lite86"
version = "0.2.10"
source = "registry+https://github.com/rust-lang/crates.io-index"
checksum = "ac74c624d6b2d21f425f752262f42188365d7b8ff1aff74c82e45136510a4857"

[[package]]
name = "pro-flight"
version = "0.1.0"
dependencies = [
 "ascii",
 "ascii-osd-hud",
 "chrono",
 "crc16",
 "embedded-hal",
 "fixed-point",
 "git-version",
 "hal",
 "heapless 0.7.5",
 "indoc",
 "integer-sqrt",
 "log",
 "max7456 0.1.10 (registry+https://github.com/rust-lang/crates.io-index)",
 "micromath",
 "nalgebra",
 "nb 1.0.0",
 "nmea0183-core",
 "num-traits",
 "sbus-parser",
 "serde",
 "serde-json-core-fmt",
 "void",
]

[[package]]
name = "proc-macro-hack"
version = "0.5.19"
source = "registry+https://github.com/rust-lang/crates.io-index"
checksum = "dbf0c48bc1d91375ae5c3cd81e3722dff1abcf81a30960240640d223f59fe0e5"

[[package]]
name = "proc-macro-nested"
version = "0.1.7"
source = "registry+https://github.com/rust-lang/crates.io-index"
checksum = "bc881b2c22681370c6a780e47af9840ef841837bc98118431d4e1868bd0c1086"

[[package]]
name = "proc-macro2"
version = "1.0.28"
source = "registry+https://github.com/rust-lang/crates.io-index"
checksum = "5c7ed8b8c7b886ea3ed7dde405212185f423ab44682667c8c6dd14aa1d9f6612"
dependencies = [
 "unicode-xid",
]

[[package]]
name = "quote"
version = "1.0.9"
source = "registry+https://github.com/rust-lang/crates.io-index"
checksum = "c3d0b9745dc2debf507c8422de05d7226cc1f0644216dfdfead988f9b1ab32a7"
dependencies = [
 "proc-macro2",
]

[[package]]
name = "r0"
version = "0.2.2"
source = "registry+https://github.com/rust-lang/crates.io-index"
checksum = "e2a38df5b15c8d5c7e8654189744d8e396bddc18ad48041a500ce52d6948941f"

[[package]]
name = "rand"
version = "0.7.3"
source = "registry+https://github.com/rust-lang/crates.io-index"
checksum = "6a6b1679d49b24bbfe0c803429aa1874472f50d9b363131f0e89fc356b544d03"
dependencies = [
 "rand_chacha",
 "rand_core 0.5.1",
 "rand_hc",
]

[[package]]
name = "rand_chacha"
version = "0.2.2"
source = "registry+https://github.com/rust-lang/crates.io-index"
checksum = "f4c8ed856279c9737206bf725bf36935d8666ead7aa69b52be55af369d193402"
dependencies = [
 "ppv-lite86",
 "rand_core 0.5.1",
]

[[package]]
name = "rand_core"
version = "0.5.1"
source = "registry+https://github.com/rust-lang/crates.io-index"
checksum = "90bde5296fc891b0cef12a6d03ddccc162ce7b2aff54160af9338f8d40df6d19"

[[package]]
name = "rand_core"
version = "0.6.3"
source = "registry+https://github.com/rust-lang/crates.io-index"
checksum = "d34f1408f55294453790c48b2f1ebbb1c5b4b7563eb1f418bcfcfdbb06ebb4e7"

[[package]]
name = "rand_hc"
version = "0.2.0"
source = "registry+https://github.com/rust-lang/crates.io-index"
checksum = "ca3129af7b92a17112d59ad498c6f81eaf463253766b90396d39ea7a39d6613c"
dependencies = [
 "rand_core 0.5.1",
]

[[package]]
name = "regex"
version = "1.5.4"
source = "registry+https://github.com/rust-lang/crates.io-index"
checksum = "d07a8629359eb56f1e2fb1652bb04212c072a87ba68546a04065d525673ac461"
dependencies = [
 "aho-corasick",
 "memchr",
 "regex-syntax",
]

[[package]]
name = "regex-syntax"
version = "0.6.25"
source = "registry+https://github.com/rust-lang/crates.io-index"
checksum = "f497285884f3fcff424ffc933e56d7cbca511def0c9831a7f9b5f6153e3cc89b"

[[package]]
name = "rtcc"
version = "0.2.1"
source = "registry+https://github.com/rust-lang/crates.io-index"
checksum = "ef35f9dcbf434a34dcc99b3ebba1c1945d49c70832958e932e83dc63a5273994"
dependencies = [
 "chrono",
]

[[package]]
name = "rustc_version"
version = "0.2.3"
source = "registry+https://github.com/rust-lang/crates.io-index"
checksum = "138e3e0acb6c9fb258b19b67cb8abd63c00679d2851805ea151465464fe9030a"
dependencies = [
 "semver 0.9.0",
]

[[package]]
name = "rustc_version"
version = "0.4.0"
source = "registry+https://github.com/rust-lang/crates.io-index"
checksum = "bfa0f585226d2e68097d4f95d113b15b83a82e819ab25717ec0590d9584ef366"
dependencies = [
 "semver 1.0.4",
]

[[package]]
name = "ryu"
version = "1.0.5"
source = "registry+https://github.com/rust-lang/crates.io-index"
checksum = "71d301d4193d031abdd79ff7e3dd721168a9572ef3fe51a1517aba235bd8f86e"

[[package]]
name = "sbus-parser"
version = "0.0.2"
source = "git+https://github.com/qiuchengxuan/sbus#7f7f6764b97fb43a8d92c7d721e2c41eccccef46"

[[package]]
name = "semver"
version = "0.9.0"
source = "registry+https://github.com/rust-lang/crates.io-index"
checksum = "1d7eb9ef2c18661902cc47e535f9bc51b78acd254da71d375c2f6720d9a40403"
dependencies = [
 "semver-parser",
]

[[package]]
name = "semver"
version = "1.0.4"
source = "registry+https://github.com/rust-lang/crates.io-index"
checksum = "568a8e6258aa33c13358f81fd834adb854c6f7c9468520910a9b1e8fac068012"

[[package]]
name = "semver-parser"
version = "0.7.0"
source = "registry+https://github.com/rust-lang/crates.io-index"
checksum = "388a1df253eca08550bef6c72392cfe7c30914bf41df5269b68cbd6ff8f570a3"

[[package]]
name = "serde"
version = "1.0.128"
source = "registry+https://github.com/rust-lang/crates.io-index"
checksum = "1056a0db1978e9dbf0f6e4fca677f6f9143dc1c19de346f22cac23e422196834"
dependencies = [
 "serde_derive",
]

[[package]]
name = "serde-json-core-fmt"
version = "0.1.1"
source = "registry+https://github.com/rust-lang/crates.io-index"
checksum = "d60f96e644936ac57b9b2fbfd662db2c1dd1014eb8784def9ac2bd4269bdb4c3"
dependencies = [
 "ryu",
 "serde",
]

[[package]]
name = "serde-xml-rs"
version = "0.4.1"
source = "registry+https://github.com/rust-lang/crates.io-index"
checksum = "f0bf1ba0696ccf0872866277143ff1fd14d22eec235d2b23702f95e6660f7dfa"
dependencies = [
 "log",
 "serde",
 "thiserror",
 "xml-rs",
]

[[package]]
name = "serde_derive"
version = "1.0.128"
source = "registry+https://github.com/rust-lang/crates.io-index"
checksum = "13af2fbb8b60a8950d6c72a56d2095c28870367cc8e10c55e9745bac4995a2c4"
dependencies = [
 "proc-macro2",
 "quote",
 "syn",
]

[[package]]
name = "simba"
version = "0.1.5"
source = "registry+https://github.com/rust-lang/crates.io-index"
checksum = "fb931b1367faadea6b1ab1c306a860ec17aaa5fa39f367d0c744e69d971a1fb2"
dependencies = [
 "approx",
 "num-complex",
 "num-traits",
 "paste",
]

[[package]]
name = "slab"
version = "0.4.4"
source = "registry+https://github.com/rust-lang/crates.io-index"
checksum = "c307a32c1c5c437f38c7fd45d753050587732ba8628319fbdf12a7e289ccc590"

[[package]]
name = "stable_deref_trait"
version = "1.2.0"
source = "registry+https://github.com/rust-lang/crates.io-index"
checksum = "a8f112729512f8e442d81f95a8a7ddf2b7c6b8a1a6f509a95864142b30cab2d3"

[[package]]
name = "stm32f4"
version = "0.13.0"
source = "registry+https://github.com/rust-lang/crates.io-index"
checksum = "da3d56009c8f32e4f208dbea17df72484154d1040a8969b75d8c73eb7b18fe8f"
dependencies = [
 "bare-metal 0.2.5",
 "cortex-m 0.7.3",
 "cortex-m-rt",
 "vcell",
]

[[package]]
name = "stm32f4xx-hal"
version = "0.9.0"
source = "registry+https://github.com/rust-lang/crates.io-index"
checksum = "89b4cb13b1bb36e7381eaf8941062b1eba172542b9d4f72dc50c35c4ac6260f2"
dependencies = [
 "bare-metal 1.0.0",
 "cast",
 "cortex-m 0.7.3",
 "cortex-m-rt",
 "embedded-dma",
 "embedded-hal",
 "nb 1.0.0",
 "rand_core 0.6.3",
 "rtcc",
 "stm32f4",
 "synopsys-usb-otg",
 "void",
]

[[package]]
name = "syn"
version = "1.0.75"
source = "registry+https://github.com/rust-lang/crates.io-index"
checksum = "b7f58f7e8eaa0009c5fec437aabf511bd9933e4b2d7407bd05273c01a8906ea7"
dependencies = [
 "proc-macro2",
 "quote",
 "unicode-xid",
]

[[package]]
name = "synopsys-usb-otg"
version = "0.2.4"
source = "registry+https://github.com/rust-lang/crates.io-index"
checksum = "d1216cb0fe29f65bfffe03c364640202eed1291d85d2f62bbadbe670106786e5"
dependencies = [
 "cortex-m 0.6.7",
 "usb-device",
 "vcell",
]

[[package]]
name = "thiserror"
version = "1.0.26"
source = "registry+https://github.com/rust-lang/crates.io-index"
checksum = "93119e4feac1cbe6c798c34d3a53ea0026b0b1de6a120deef895137c0529bfe2"
dependencies = [
 "thiserror-impl",
]

[[package]]
name = "thiserror-impl"
version = "1.0.26"
source = "registry+https://github.com/rust-lang/crates.io-index"
checksum = "060d69a0afe7796bf42e9e2ff91f5ee691fb15c53d38b4b62a9a53eb23164745"
dependencies = [
 "proc-macro2",
 "quote",
 "syn",
]

[[package]]
name = "toml"
version = "0.5.8"
source = "registry+https://github.com/rust-lang/crates.io-index"
checksum = "a31142970826733df8241ef35dc040ef98c679ab14d7c3e54d827099b3acecaa"
dependencies = [
 "serde",
]

[[package]]
name = "typenum"
version = "1.13.0"
source = "registry+https://github.com/rust-lang/crates.io-index"
checksum = "879f6906492a7cd215bfa4cf595b600146ccfac0c79bcbd1f3000162af5e8b06"

[[package]]
name = "unicode-xid"
version = "0.2.2"
source = "registry+https://github.com/rust-lang/crates.io-index"
checksum = "8ccb82d61f80a663efe1f787a51b16b5a51e3314d6ac365b08639f52387b33f3"

[[package]]
name = "unindent"
version = "0.1.7"
source = "registry+https://github.com/rust-lang/crates.io-index"
checksum = "f14ee04d9415b52b3aeab06258a3f07093182b88ba0f9b8d203f211a7a7d41c7"

[[package]]
name = "usb-device"
version = "0.2.8"
source = "registry+https://github.com/rust-lang/crates.io-index"
checksum = "6be90410d4772074ea49525e2e753b65920b94b57eee21a6ef7b6a6fe6296245"

[[package]]
name = "usbd-serial"
version = "0.1.1"
source = "registry+https://github.com/rust-lang/crates.io-index"
checksum = "db75519b86287f12dcf0d171c7cf4ecc839149fe9f3b720ac4cfce52959e1dfe"
dependencies = [
 "embedded-hal",
 "nb 0.1.3",
 "usb-device",
]

[[package]]
name = "vcell"
version = "0.1.3"
source = "registry+https://github.com/rust-lang/crates.io-index"
checksum = "77439c1b53d2303b20d9459b1ade71a83c716e3f9c34f3228c00e6f185d6c002"

[[package]]
name = "version_check"
version = "0.9.3"
source = "registry+https://github.com/rust-lang/crates.io-index"
checksum = "5fecdca9a5291cc2b8dcf7dc02453fee791a280f3743cb0905f8822ae463b3fe"

[[package]]
name = "void"
version = "1.0.2"
source = "registry+https://github.com/rust-lang/crates.io-index"
checksum = "6a02e4885ed3bc0f2de90ea6dd45ebcbb66dacffe03547fadbb0eeae2770887d"

[[package]]
name = "volatile-register"
version = "0.2.1"
source = "registry+https://github.com/rust-lang/crates.io-index"
checksum = "9ee8f19f9d74293faf70901bc20ad067dc1ad390d2cbf1e3f75f721ffee908b6"
dependencies = [
 "vcell",
]

[[package]]
name = "xml-rs"
version = "0.8.4"
source = "registry+https://github.com/rust-lang/crates.io-index"
checksum = "d2d7d3948613f75c98fd9328cfdcc45acc4d360655289d0a7d4ec931392200a3"
